# This file is automatically @generated by Poetry 1.7.0 and should not be changed by hand.

[[package]]
name = "pgi"
version = "0.0.11.2"
description = "Pure Python GObject Introspection Bindings"
optional = false
python-versions = "*"
files = [
    {file = "pgi-0.0.11.2.tar.gz", hash = "sha256:5b011ff4d81f83eed4380b0c72876be9b5572c4ed97e2b784dce477183c934f5"},
]

[[package]]
name = "pycairo"
version = "1.25.1"
description = "Python interface for cairo"
optional = false
python-versions = ">=3.8"
files = [
    {file = "pycairo-1.25.1-cp310-cp310-win32.whl", hash = "sha256:cacb5c2abbfdfc79c728ab261ff791511e4957b606c660f9b380975b678b728f"},
    {file = "pycairo-1.25.1-cp310-cp310-win_amd64.whl", hash = "sha256:109ebbeb5bbc510b726fc31251071264dec241e5084d0668f846d7e17e5af8e0"},
    {file = "pycairo-1.25.1-cp310-cp310-win_arm64.whl", hash = "sha256:b19269a8bf9ab5e3c617f2699bed00977fd02ff304339a233654456c0236f7c6"},
    {file = "pycairo-1.25.1-cp311-cp311-win32.whl", hash = "sha256:b10e58a3ce41e487aae15050b630742e880d4135cee7a69cee2c0ea2a0b4bd0a"},
    {file = "pycairo-1.25.1-cp311-cp311-win_amd64.whl", hash = "sha256:fcf5511b05a652a0ef87f626bf26bfc1b796a67f0d1bd40781c62986fb41c356"},
    {file = "pycairo-1.25.1-cp311-cp311-win_arm64.whl", hash = "sha256:4133ba3ef6d875aa1b16643dc0801846f463b8e78750f5308c41902dfeac5b9a"},
    {file = "pycairo-1.25.1-cp312-cp312-win32.whl", hash = "sha256:56fee2837a07ecd914f4fbf78ff59445f78becd658fe36125101925dd489eb94"},
    {file = "pycairo-1.25.1-cp312-cp312-win_amd64.whl", hash = "sha256:fb31eec2c41ec74e23dc0fc9feb4007b4c37f78ec76220ed92530b342e09821a"},
    {file = "pycairo-1.25.1-cp312-cp312-win_arm64.whl", hash = "sha256:27011d822952d7817130fc17f490de94328590bc8d45bdbca9ec4a47039fca22"},
    {file = "pycairo-1.25.1-cp38-cp38-win32.whl", hash = "sha256:9a7c5ed92fe87f60e9796777d5255f2df2deeb8ab1e3c296e67a1d8c9790808c"},
    {file = "pycairo-1.25.1-cp38-cp38-win_amd64.whl", hash = "sha256:48603ad31616140ad6fa097f13086d0ce8f29ead35ad6a215962f3b0496a5a70"},
    {file = "pycairo-1.25.1-cp39-cp39-win32.whl", hash = "sha256:97666c084e9eb1c08c7fd6d306d153767acdf03c0d80349ec55863cecd4138e0"},
    {file = "pycairo-1.25.1-cp39-cp39-win_amd64.whl", hash = "sha256:ac5437d140eccd97af12a618cc1ace0d9a85f1269f29e963751949f132828b21"},
    {file = "pycairo-1.25.1-cp39-cp39-win_arm64.whl", hash = "sha256:bda5d10adbf1f5eba6b524b5a70ccf7f659680b77e691ff94b312f25a6fcc91f"},
    {file = "pycairo-1.25.1.tar.gz", hash = "sha256:7e2be4fbc3b4536f16db7a11982cbf713e75069a4d73d44fe5a49b68423f5c0c"},
]

[[package]]
name = "pygobject"
version = "3.46.0"
description = "Python bindings for GObject Introspection"
optional = false
python-versions = ">=3.8, <4"
files = [
    {file = "PyGObject-3.46.0.tar.gz", hash = "sha256:481437b05af0a66b7c366ea052710eb3aacbb979d22d30b797f7ec29347ab1e6"},
]

[package.dependencies]
pycairo = ">=1.16,<2.0"

[[package]]
name = "ruff"
version = "0.1.5"
description = "An extremely fast Python linter and code formatter, written in Rust."
optional = false
python-versions = ">=3.7"
files = [
    {file = "ruff-0.1.5-py3-none-macosx_10_7_x86_64.whl", hash = "sha256:32d47fc69261c21a4c48916f16ca272bf2f273eb635d91c65d5cd548bf1f3d96"},
    {file = "ruff-0.1.5-py3-none-macosx_10_9_x86_64.macosx_11_0_arm64.macosx_10_9_universal2.whl", hash = "sha256:171276c1df6c07fa0597fb946139ced1c2978f4f0b8254f201281729981f3c17"},
    {file = "ruff-0.1.5-py3-none-manylinux_2_17_aarch64.manylinux2014_aarch64.whl", hash = "sha256:17ef33cd0bb7316ca65649fc748acc1406dfa4da96a3d0cde6d52f2e866c7b39"},
    {file = "ruff-0.1.5-py3-none-manylinux_2_17_armv7l.manylinux2014_armv7l.whl", hash = "sha256:b2c205827b3f8c13b4a432e9585750b93fd907986fe1aec62b2a02cf4401eee6"},
    {file = "ruff-0.1.5-py3-none-manylinux_2_17_i686.manylinux2014_i686.whl", hash = "sha256:bb408e3a2ad8f6881d0f2e7ad70cddb3ed9f200eb3517a91a245bbe27101d379"},
    {file = "ruff-0.1.5-py3-none-manylinux_2_17_ppc64.manylinux2014_ppc64.whl", hash = "sha256:f20dc5e5905ddb407060ca27267c7174f532375c08076d1a953cf7bb016f5a24"},
    {file = "ruff-0.1.5-py3-none-manylinux_2_17_ppc64le.manylinux2014_ppc64le.whl", hash = "sha256:aafb9d2b671ed934998e881e2c0f5845a4295e84e719359c71c39a5363cccc91"},
    {file = "ruff-0.1.5-py3-none-manylinux_2_17_s390x.manylinux2014_s390x.whl", hash = "sha256:a4894dddb476597a0ba4473d72a23151b8b3b0b5f958f2cf4d3f1c572cdb7af7"},
    {file = "ruff-0.1.5-py3-none-manylinux_2_17_x86_64.manylinux2014_x86_64.whl", hash = "sha256:a00a7ec893f665ed60008c70fe9eeb58d210e6b4d83ec6654a9904871f982a2a"},
    {file = "ruff-0.1.5-py3-none-musllinux_1_2_aarch64.whl", hash = "sha256:a8c11206b47f283cbda399a654fd0178d7a389e631f19f51da15cbe631480c5b"},
    {file = "ruff-0.1.5-py3-none-musllinux_1_2_armv7l.whl", hash = "sha256:fa29e67b3284b9a79b1a85ee66e293a94ac6b7bb068b307a8a373c3d343aa8ec"},
    {file = "ruff-0.1.5-py3-none-musllinux_1_2_i686.whl", hash = "sha256:9b97fd6da44d6cceb188147b68db69a5741fbc736465b5cea3928fdac0bc1aeb"},
    {file = "ruff-0.1.5-py3-none-musllinux_1_2_x86_64.whl", hash = "sha256:721f4b9d3b4161df8dc9f09aa8562e39d14e55a4dbaa451a8e55bdc9590e20f4"},
    {file = "ruff-0.1.5-py3-none-win32.whl", hash = "sha256:f80c73bba6bc69e4fdc73b3991db0b546ce641bdcd5b07210b8ad6f64c79f1ab"},
    {file = "ruff-0.1.5-py3-none-win_amd64.whl", hash = "sha256:c21fe20ee7d76206d290a76271c1af7a5096bc4c73ab9383ed2ad35f852a0087"},
    {file = "ruff-0.1.5-py3-none-win_arm64.whl", hash = "sha256:82bfcb9927e88c1ed50f49ac6c9728dab3ea451212693fe40d08d314663e412f"},
    {file = "ruff-0.1.5.tar.gz", hash = "sha256:5cbec0ef2ae1748fb194f420fb03fb2c25c3258c86129af7172ff8f198f125ab"},
]

[metadata]
lock-version = "2.0"
python-versions = "^3.11"
content-hash = "a12ad023976e4d55938412a7c52c68ce1c804c60c28a3cd5eef4841e213835eb"
